{
  "name": "@aster-js/http",
  "version": "1.0.0-beta.1",
  "lockfileVersion": 1,
  "requires": true,
  "dependencies": {
    "@aster-js/async": {
      "version": "1.0.0-beta.1",
      "resolved": "https://registry.npmjs.org/@aster-js/async/-/async-1.0.0-beta.1.tgz",
      "integrity": "sha512-ZVDDr9/DQw0/HPFqHsUFQ09ZcINwZj6rGAwxc0byNIDqA4LEZhiqs/eVYsXBweLY3V4gZ2JKuLYE4CCdl+pnIQ==",
      "requires": {
        "@aster-js/core": "1.0.0-beta.1",
        "@aster-js/events": "1.0.0-beta.1",
        "lit-html": "^1.3.0",
        "tslib": "^1.11.1"
      },
      "dependencies": {
        "lit-html": {
          "version": "1.3.0",
          "resolved": "https://registry.npmjs.org/lit-html/-/lit-html-1.3.0.tgz",
          "integrity": "sha512-0Q1bwmaFH9O14vycPHw8C/IeHMk/uSDldVLIefu/kfbTBGIc44KGH6A8p1bDfxUfHdc8q6Ct7kQklWoHgr4t1Q=="
        },
        "tslib": {
          "version": "1.14.1",
          "resolved": "https://registry.npmjs.org/tslib/-/tslib-1.14.1.tgz",
          "integrity": "sha512-Xni35NKzjgMrwevysHTCArtLDpPvye8zV/0E4EyYn43P7/7qvQwPh9BGkHewbMulVntbigmcT7rdX3BNo9wRJg=="
        }
      }
    },
    "@aster-js/core": {
      "version": "1.0.0-beta.1",
      "resolved": "https://registry.npmjs.org/@aster-js/core/-/core-1.0.0-beta.1.tgz",
      "integrity": "sha512-ScTiPSv/6BAJvbyYSJ0nLp/n00CFrABeFgiF8Men+FBLJzwoylkHhhh+MQz01vwKfvDIOsTMvecGLiaZmG9Ekg==",
      "requires": {
        "lit-html": "^1.3.0",
        "tslib": "^1.11.1"
      },
      "dependencies": {
        "lit-html": {
          "version": "1.3.0",
          "resolved": "https://registry.npmjs.org/lit-html/-/lit-html-1.3.0.tgz",
          "integrity": "sha512-0Q1bwmaFH9O14vycPHw8C/IeHMk/uSDldVLIefu/kfbTBGIc44KGH6A8p1bDfxUfHdc8q6Ct7kQklWoHgr4t1Q=="
        },
        "tslib": {
          "version": "1.14.1",
          "resolved": "https://registry.npmjs.org/tslib/-/tslib-1.14.1.tgz",
          "integrity": "sha512-Xni35NKzjgMrwevysHTCArtLDpPvye8zV/0E4EyYn43P7/7qvQwPh9BGkHewbMulVntbigmcT7rdX3BNo9wRJg=="
        }
      }
    },
    "@aster-js/decorators": {
      "version": "1.0.0-beta.1",
      "resolved": "https://registry.npmjs.org/@aster-js/decorators/-/decorators-1.0.0-beta.1.tgz",
      "integrity": "sha512-FNROcfpIGhyQZd5pbGUK6LKn9vOW9RfalN6AZDqNcobfh8q2yKjYTU9kkcy4bG5PnyhE31yJ6eNBiGTR48AO6Q==",
      "requires": {
        "@aster-js/core": "1.0.0-beta.1",
        "lit-html": "^1.3.0",
        "tslib": "^1.11.1"
      },
      "dependencies": {
        "lit-html": {
          "version": "1.3.0",
          "resolved": "https://registry.npmjs.org/lit-html/-/lit-html-1.3.0.tgz",
          "integrity": "sha512-0Q1bwmaFH9O14vycPHw8C/IeHMk/uSDldVLIefu/kfbTBGIc44KGH6A8p1bDfxUfHdc8q6Ct7kQklWoHgr4t1Q=="
        },
        "tslib": {
          "version": "1.14.1",
          "resolved": "https://registry.npmjs.org/tslib/-/tslib-1.14.1.tgz",
          "integrity": "sha512-Xni35NKzjgMrwevysHTCArtLDpPvye8zV/0E4EyYn43P7/7qvQwPh9BGkHewbMulVntbigmcT7rdX3BNo9wRJg=="
        }
      }
    },
    "@aster-js/events": {
      "version": "1.0.0-beta.1",
      "resolved": "https://registry.npmjs.org/@aster-js/events/-/events-1.0.0-beta.1.tgz",
      "integrity": "sha512-UD+An26lYQw/7ayeyrj7quLsGLhlQQ14SkIz+NiJZqn35E/CablYwzaHQEe4R2l/WvxzGR16BECV+IDIx2cSnA==",
      "requires": {
        "@aster-js/core": "1.0.0-beta.1",
        "@aster-js/decorators": "1.0.0-beta.1",
        "lit-html": "^1.3.0",
        "tslib": "^1.11.1"
      },
      "dependencies": {
        "lit-html": {
          "version": "1.3.0",
          "resolved": "https://registry.npmjs.org/lit-html/-/lit-html-1.3.0.tgz",
          "integrity": "sha512-0Q1bwmaFH9O14vycPHw8C/IeHMk/uSDldVLIefu/kfbTBGIc44KGH6A8p1bDfxUfHdc8q6Ct7kQklWoHgr4t1Q=="
        },
        "tslib": {
          "version": "1.14.1",
          "resolved": "https://registry.npmjs.org/tslib/-/tslib-1.14.1.tgz",
          "integrity": "sha512-Xni35NKzjgMrwevysHTCArtLDpPvye8zV/0E4EyYn43P7/7qvQwPh9BGkHewbMulVntbigmcT7rdX3BNo9wRJg=="
        }
      }
    }
  }
}
